// !$*UTF8*$!
{
	archiveVersion = 1;
	classes = {
	};
	objectVersion = 46;
	objects = {

/* Begin PBXBuildFile section */
		760556C91AF4936C00D909A9 /* main.m in Sources */ = {isa = PBXBuildFile; fileRef = 760556C81AF4936C00D909A9 /* main.m */; };
		760556CC1AF4936C00D909A9 /* AppDelegate.m in Sources */ = {isa = PBXBuildFile; fileRef = 760556CB1AF4936C00D909A9 /* AppDelegate.m */; };
		760556CF1AF4936C00D909A9 /* SampleImage.xcdatamodeld in Sources */ = {isa = PBXBuildFile; fileRef = 760556CD1AF4936C00D909A9 /* SampleImage.xcdatamodeld */; };
		760556D21AF4936C00D909A9 /* ViewController.m in Sources */ = {isa = PBXBuildFile; fileRef = 760556D11AF4936C00D909A9 /* ViewController.m */; };
		760556D51AF4936C00D909A9 /* Main.storyboard in Resources */ = {isa = PBXBuildFile; fileRef = 760556D31AF4936C00D909A9 /* Main.storyboard */; };
		760556D71AF4936C00D909A9 /* Images.xcassets in Resources */ = {isa = PBXBuildFile; fileRef = 760556D61AF4936C00D909A9 /* Images.xcassets */; };
		760556DA1AF4936C00D909A9 /* LaunchScreen.xib in Resources */ = {isa = PBXBuildFile; fileRef = 760556D81AF4936C00D909A9 /* LaunchScreen.xib */; };
		760556E61AF4936C00D909A9 /* SampleImageTests.m in Sources */ = {isa = PBXBuildFile; fileRef = 760556E51AF4936C00D909A9 /* SampleImageTests.m */; };
		760556F21AF49D7700D909A9 /* 2015-honda-civic-type-r-concept_100457027_l.jpg in Resources */ = {isa = PBXBuildFile; fileRef = 760556F11AF49D7700D909A9 /* 2015-honda-civic-type-r-concept_100457027_l.jpg */; };
/* End PBXBuildFile section */

/* Begin PBXContainerItemProxy section */
		760556E01AF4936C00D909A9 /* PBXContainerItemProxy */ = {
			isa = PBXContainerItemProxy;
			containerPortal = 760556BB1AF4936C00D909A9 /* Project object */;
			proxyType = 1;
			remoteGlobalIDString = 760556C21AF4936C00D909A9;
			remoteInfo = SampleImage;
		};
/* End PBXContainerItemProxy section */

/* Begin PBXFileReference section */
		760556C31AF4936C00D909A9 /* SampleImage.app */ = {isa = PBXFileReference; explicitFileType = wrapper.application; includeInIndex = 0; path = SampleImage.app; sourceTree = BUILT_PRODUCTS_DIR; };
		760556C71AF4936C00D909A9 /* Info.plist */ = {isa = PBXFileReference; lastKnownFileType = text.plist.xml; path = Info.plist; sourceTree = "<group>"; };
		760556C81AF4936C00D909A9 /* main.m */ = {isa = PBXFileReference; lastKnownFileType = sourcecode.c.objc; path = main.m; sourceTree = "<group>"; };
		760556CA1AF4936C00D909A9 /* AppDelegate.h */ = {isa = PBXFileReference; lastKnownFileType = sourcecode.c.h; path = AppDelegate.h; sourceTree = "<group>"; };
		760556CB1AF4936C00D909A9 /* AppDelegate.m */ = {isa = PBXFileReference; lastKnownFileType = sourcecode.c.objc; path = AppDelegate.m; sourceTree = "<group>"; };
		760556CE1AF4936C00D909A9 /* SampleImage.xcdatamodel */ = {isa = PBXFileReference; lastKnownFileType = wrapper.xcdatamodel; path = SampleImage.xcdatamodel; sourceTree = "<group>"; };
		760556D01AF4936C00D909A9 /* ViewController.h */ = {isa = PBXFileReference; lastKnownFileType = sourcecode.c.h; path = ViewController.h; sourceTree = "<group>"; };
		760556D11AF4936C00D909A9 /* ViewController.m */ = {isa = PBXFileReference; lastKnownFileType = sourcecode.c.objc; path = ViewController.m; sourceTree = "<group>"; };
		760556D41AF4936C00D909A9 /* Base */ = {isa = PBXFileReference; lastKnownFileType = file.storyboard; name = Base; path = Base.lproj/Main.storyboard; sourceTree = "<group>"; };
		760556D61AF4936C00D909A9 /* Images.xcassets */ = {isa = PBXFileReference; lastKnownFileType = folder.assetcatalog; path = Images.xcassets; sourceTree = "<group>"; };
		760556D91AF4936C00D909A9 /* Base */ = {isa = PBXFileReference; lastKnownFileType = file.xib; name = Base; path = Base.lproj/LaunchScreen.xib; sourceTree = "<group>"; };
		760556DF1AF4936C00D909A9 /* SampleImageTests.xctest */ = {isa = PBXFileReference; explicitFileType = wrapper.cfbundle; includeInIndex = 0; path = SampleImageTests.xctest; sourceTree = BUILT_PRODUCTS_DIR; };
		760556E41AF4936C00D909A9 /* Info.plist */ = {isa = PBXFileReference; lastKnownFileType = text.plist.xml; path = Info.plist; sourceTree = "<group>"; };
		760556E51AF4936C00D909A9 /* SampleImageTests.m */ = {isa = PBXFileReference; lastKnownFileType = sourcecode.c.objc; path = SampleImageTests.m; sourceTree = "<group>"; };
		760556F11AF49D7700D909A9 /* 2015-honda-civic-type-r-concept_100457027_l.jpg */ = {isa = PBXFileReference; lastKnownFileType = image.jpeg; path = "2015-honda-civic-type-r-concept_100457027_l.jpg"; sourceTree = "<group>"; };
/* End PBXFileReference section */

/* Begin PBXFrameworksBuildPhase section */
		760556C01AF4936C00D909A9 /* Frameworks */ = {
			isa = PBXFrameworksBuildPhase;
			buildActionMask = 2147483647;
			files = (
			);
			runOnlyForDeploymentPostprocessing = 0;
		};
		760556DC1AF4936C00D909A9 /* Frameworks */ = {
			isa = PBXFrameworksBuildPhase;
			buildActionMask = 2147483647;
			files = (
			);
			runOnlyForDeploymentPostprocessing = 0;
		};
/* End PBXFrameworksBuildPhase section */

/* Begin PBXGroup section */
		760556BA1AF4936B00D909A9 = {
			isa = PBXGroup;
			children = (
				760556C51AF4936C00D909A9 /* SampleImage */,
				760556E21AF4936C00D909A9 /* SampleImageTests */,
				760556C41AF4936C00D909A9 /* Products */,
			);
			sourceTree = "<group>";
		};
		760556C41AF4936C00D909A9 /* Products */ = {
			isa = PBXGroup;
			children = (
				760556C31AF4936C00D909A9 /* SampleImage.app */,
				760556DF1AF4936C00D909A9 /* SampleImageTests.xctest */,
			);
			name = Products;
			sourceTree = "<group>";
		};
		760556C51AF4936C00D909A9 /* SampleImage */ = {
			isa = PBXGroup;
			children = (
				760556CA1AF4936C00D909A9 /* AppDelegate.h */,
				760556F11AF49D7700D909A9 /* 2015-honda-civic-type-r-concept_100457027_l.jpg */,
				760556CB1AF4936C00D909A9 /* AppDelegate.m */,
				760556D01AF4936C00D909A9 /* ViewController.h */,
				760556D11AF4936C00D909A9 /* ViewController.m */,
				760556D31AF4936C00D909A9 /* Main.storyboard */,
				760556D61AF4936C00D909A9 /* Images.xcassets */,
				760556D81AF4936C00D909A9 /* LaunchScreen.xib */,
				760556CD1AF4936C00D909A9 /* SampleImage.xcdatamodeld */,
				760556C61AF4936C00D909A9 /* Supporting Files */,
			);
			path = SampleImage;
			sourceTree = "<group>";
		};
		760556C61AF4936C00D909A9 /* Supporting Files */ = {
			isa = PBXGroup;
			children = (
				760556C71AF4936C00D909A9 /* Info.plist */,
				760556C81AF4936C00D909A9 /* main.m */,
			);
			name = "Supporting Files";
			sourceTree = "<group>";
		};
		760556E21AF4936C00D909A9 /* SampleImageTests */ = {
			isa = PBXGroup;
			children = (
				760556E51AF4936C00D909A9 /* SampleImageTests.m */,
				760556E31AF4936C00D909A9 /* Supporting Files */,
			);
			path = SampleImageTests;
			sourceTree = "<group>";
		};
		760556E31AF4936C00D909A9 /* Supporting Files */ = {
			isa = PBXGroup;
			children = (
				760556E41AF4936C00D909A9 /* Info.plist */,
			);
			name = "Supporting Files";
			sourceTree = "<group>";
		};
/* End PBXGroup section */

/* Begin PBXNativeTarget section */
		760556C21AF4936C00D909A9 /* SampleImage */ = {
			isa = PBXNativeTarget;
			buildConfigurationList = 760556E91AF4936C00D909A9 /* Build configuration list for PBXNativeTarget "SampleImage" */;
			buildPhases = (
				760556BF1AF4936C00D909A9 /* Sources */,
				760556C01AF4936C00D909A9 /* Frameworks */,
				760556C11AF4936C00D909A9 /* Resources */,
			);
			buildRules = (
			);
			dependencies = (
			);
			name = SampleImage;
			productName = SampleImage;
			productReference = 760556C31AF4936C00D909A9 /* SampleImage.app */;
			productType = "com.apple.product-type.application";
		};
		760556DE1AF4936C00D909A9 /* SampleImageTests */ = {
			isa = PBXNativeTarget;
			buildConfigurationList = 760556EC1AF4936C00D909A9 /* Build configuration list for PBXNativeTarget "SampleImageTests" */;
			buildPhases = (
				760556DB1AF4936C00D909A9 /* Sources */,
				760556DC1AF4936C00D909A9 /* Frameworks */,
				760556DD1AF4936C00D909A9 /* Resources */,
			);
			buildRules = (
			);
			dependencies = (
				760556E11AF4936C00D909A9 /* PBXTargetDependency */,
			);
			name = SampleImageTests;
			productName = SampleImageTests;
			productReference = 760556DF1AF4936C00D909A9 /* SampleImageTests.xctest */;
			productType = "com.apple.product-type.bundle.unit-test";
		};
/* End PBXNativeTarget section */

/* Begin PBXProject section */
		760556BB1AF4936C00D909A9 /* Project object */ = {
			isa = PBXProject;
			attributes = {
				LastUpgradeCheck = 0620;
				ORGANIZATIONNAME = "purshothaman-ipad";
				TargetAttributes = {
					760556C21AF4936C00D909A9 = {
						CreatedOnToolsVersion = 6.2;
					};
					760556DE1AF4936C00D909A9 = {
						CreatedOnToolsVersion = 6.2;
						TestTargetID = 760556C21AF4936C00D909A9;
					};
				};
			};
			buildConfigurationList = 760556BE1AF4936C00D909A9 /* Build configuration list for PBXProject "SampleImage" */;
			compatibilityVersion = "Xcode 3.2";
			developmentRegion = English;
			hasScannedForEncodings = 0;
			knownRegions = (
				en,
				Base,
			);
			mainGroup = 760556BA1AF4936B00D909A9;
			productRefGroup = 760556C41AF4936C00D909A9 /* Products */;
			projectDirPath = "";
			projectRoot = "";
			targets = (
				760556C21AF4936C00D909A9 /* SampleImage */,
				760556DE1AF4936C00D909A9 /* SampleImageTests */,
			);
		};
/* End PBXProject section */

/* Begin PBXResourcesBuildPhase section */
		760556C11AF4936C00D909A9 /* Resources */ = {
			isa = PBXResourcesBuildPhase;
			buildActionMask = 2147483647;
			files = (
				760556D51AF4936C00D909A9 /* Main.storyboard in Resources */,
				760556F21AF49D7700D909A9 /* 2015-honda-civic-type-r-concept_100457027_l.jpg in Resources */,
				760556DA1AF4936C00D909A9 /* LaunchScreen.xib in Resources */,
				760556D71AF4936C00D909A9 /* Images.xcassets in Resources */,
			);
			runOnlyForDeploymentPostprocessing = 0;
		};
		760556DD1AF4936C00D909A9 /* Resources */ = {
			isa = PBXResourcesBuildPhase;
			buildActionMask = 2147483647;
			files = (
			);
			runOnlyForDeploymentPostprocessing = 0;
		};
/* End PBXResourcesBuildPhase section */

/* Begin PBXSourcesBuildPhase section */
		760556BF1AF4936C00D909A9 /* Sources */ = {
			isa = PBXSourcesBuildPhase;
			buildActionMask = 2147483647;
			files = (
				760556CC1AF4936C00D909A9 /* AppDelegate.m in Sources */,
				760556C91AF4936C00D909A9 /* main.m in Sources */,
				760556D21AF4936C00D909A9 /* ViewController.m in Sources */,
				760556CF1AF4936C00D909A9 /* SampleImage.xcdatamodeld in Sources */,
			);
			runOnlyForDeploymentPostprocessing = 0;
		};
		760556DB1AF4936C00D909A9 /* Sources */ = {
			isa = PBXSourcesBuildPhase;
			buildActionMask = 2147483647;
			files = (
				760556E61AF4936C00D909A9 /* SampleImageTests.m in Sources */,
			);
			runOnlyForDeploymentPostprocessing = 0;
		};
/* End PBXSourcesBuildPhase section */

/* Begin PBXTargetDependency section */
		760556E11AF4936C00D909A9 /* PBXTargetDependency */ = {
			isa = PBXTargetDependency;
			target = 760556C21AF4936C00D909A9 /* SampleImage */;
			targetProxy = 760556E01AF4936C00D909A9 /* PBXContainerItemProxy */;
		};
/* End PBXTargetDependency section */

/* Begin PBXVariantGroup section */
		760556D31AF4936C00D909A9 /* Main.storyboard */ = {
			isa = PBXVariantGroup;
			children = (
				760556D41AF4936C00D909A9 /* Base */,
			);
			name = Main.storyboard;
			sourceTree = "<group>";
		};
		760556D81AF4936C00D909A9 /* LaunchScreen.xib */ = {
			isa = PBXVariantGroup;
			children = (
				760556D91AF4936C00D909A9 /* Base */,
			);
			name = LaunchScreen.xib;
			sourceTree = "<group>";
		};
/* End PBXVariantGroup section */

/* Begin XCBuildConfiguration section */
		760556E71AF4936C00D909A9 /* Debug */ = {
			isa = XCBuildConfiguration;
			buildSettings = {
				ALWAYS_SEARCH_USER_PATHS = NO;
				CLANG_CXX_LANGUAGE_STANDARD = "gnu++0x";
				CLANG_CXX_LIBRARY = "libc++";
				CLANG_ENABLE_MODULES = YES;
				CLANG_ENABLE_OBJC_ARC = YES;
				CLANG_WARN_BOOL_CONVERSION = YES;
				CLANG_WARN_CONSTANT_CONVERSION = YES;
				CLANG_WARN_DIRECT_OBJC_ISA_USAGE = YES_ERROR;
				CLANG_WARN_EMPTY_BODY = YES;
				CLANG_WARN_ENUM_CONVERSION = YES;
				CLANG_WARN_INT_CONVERSION = YES;
				CLANG_WARN_OBJC_ROOT_CLASS = YES_ERROR;
				CLANG_WARN_UNREACHABLE_CODE = YES;
				CLANG_WARN__DUPLICATE_METHOD_MATCH = YES;
				"CODE_SIGN_IDENTITY[sdk=iphoneos*]" = "iPhone Developer";
				COPY_PHASE_STRIP = NO;
				ENABLE_STRICT_OBJC_MSGSEND = YES;
				GCC_C_LANGUAGE_STANDARD = gnu99;
				GCC_DYNAMIC_NO_PIC = NO;
				GCC_OPTIMIZATION_LEVEL = 0;
				GCC_PREPROCESSOR_DEFINITIONS = (
					"DEBUG=1",
					"$(inherited)",
				);
				GCC_SYMBOLS_PRIVATE_EXTERN = NO;
				GCC_WARN_64_TO_32_BIT_CONVERSION = YES;
				GCC_WARN_ABOUT_RETURN_TYPE = YES_ERROR;
				GCC_WARN_UNDECLARED_SELECTOR = YES;
				GCC_WARN_UNINITIALIZED_AUTOS = YES_AGGRESSIVE;
				GCC_WARN_UNUSED_FUNCTION = YES;
				GCC_WARN_UNUSED_VARIABLE = YES;
				IPHONEOS_DEPLOYMENT_TARGET = 8.2;
				MTL_ENABLE_DEBUG_INFO = YES;
				ONLY_ACTIVE_ARCH = YES;
				SDKROOT = iphoneos;
			};
			name = Debug;
		};
		760556E81AF4936C00D909A9 /* Release */ = {
			isa = XCBuildConfiguration;
			buildSettings = {
				ALWAYS_SEARCH_USER_PATHS = NO;
				CLANG_CXX_LANGUAGE_STANDARD = "gnu++0x";
				CLANG_CXX_LIBRARY = "libc++";
				CLANG_ENABLE_MODULES = YES;
				CLANG_ENABLE_OBJC_ARC = YES;
				CLANG_WARN_BOOL_CONVERSION = YES;
				CLANG_WARN_CONSTANT_CONVERSION = YES;
				CLANG_WARN_DIRECT_OBJC_ISA_USAGE = YES_ERROR;
				CLANG_WARN_EMPTY_BODY = YES;
				CLANG_WARN_ENUM_CONVERSION = YES;
				CLANG_WARN_INT_CONVERSION = YES;
				CLANG_WARN_OBJC_ROOT_CLASS = YES_ERROR;
				CLANG_WARN_UNREACHABLE_CODE = YES;
				CLANG_WARN__DUPLICATE_METHOD_MATCH = YES;
				"CODE_SIGN_IDENTITY[sdk=iphoneos*]" = "iPhone Developer";
				COPY_PHASE_STRIP = NO;
				ENABLE_NS_ASSERTIONS = NO;
				ENABLE_STRICT_OBJC_MSGSEND = YES;
				GCC_C_LANGUAGE_STANDARD = gnu99;
				GCC_WARN_64_TO_32_BIT_CONVERSION = YES;
				GCC_WARN_ABOUT_RETURN_TYPE = YES_ERROR;
				GCC_WARN_UNDECLARED_SELECTOR = YES;
				GCC_WARN_UNINITIALIZED_AUTOS = YES_AGGRESSIVE;
				GCC_WARN_UNUSED_FUNCTION = YES;
				GCC_WARN_UNUSED_VARIABLE = YES;
				IPHONEOS_DEPLOYMENT_TARGET = 8.2;
				MTL_ENABLE_DEBUG_INFO = NO;
				SDKROOT = iphoneos;
				VALIDATE_PRODUCT = YES;
			};
			name = Release;
		};
		760556EA1AF4936C00D909A9 /* Debug */ = {
			isa = XCBuildConfiguration;
			buildSettings = {
				ASSETCATALOG_COMPILER_APPICON_NAME = AppIcon;
				INFOPLIST_FILE = SampleImage/Info.plist;
				LD_RUNPATH_SEARCH_PATHS = "$(inherited) @executable_path/Frameworks";
				PRODUCT_NAME = "$(TARGET_NAME)";
			};
			name = Debug;
		};
		760556EB1AF4936C00D909A9 /* Release */ = {
			isa = XCBuildConfiguration;
			buildSettings = {
				ASSETCATALOG_COMPILER_APPICON_NAME = AppIcon;
				INFOPLIST_FILE = SampleImage/Info.plist;
				LD_RUNPATH_SEARCH_PATHS = "$(inherited) @executable_path/Frameworks";
				PRODUCT_NAME = "$(TARGET_NAME)";
			};
			name = Release;
		};
		760556ED1AF4936C00D909A9 /* Debug */ = {
			isa = XCBuildConfiguration;
			buildSettings = {
				BUNDLE_LOADER = "$(TEST_HOST)";
				FRAMEWORK_SEARCH_PATHS = (
					"$(SDKROOT)/Developer/Library/Frameworks",
					"$(inherited)",
				);
				GCC_PREPROCESSOR_DEFINITIONS = (
					"DEBUG=1",
					"$(inherited)",
				);
				INFOPLIST_FILE = SampleImageTests/Info.plist;
				LD_RUNPATH_SEARCH_PATHS = "$(inherited) @executable_path/Frameworks @loader_path/Frameworks";
				PRODUCT_NAME = "$(TARGET_NAME)";
				TEST_HOST = "$(BUILT_PRODUCTS_DIR)/SampleImage.app/SampleImage";
			};
			name = Debug;
		};
		760556EE1AF4936C00D909A9 /* Release */ = {
			isa = XCBuildConfiguration;
			buildSettings = {
				BUNDLE_LOADER = "$(TEST_HOST)";
				FRAMEWORK_SEARCH_PATHS = (
					"$(SDKROOT)/Developer/Library/Frameworks",
					"$(inherited)",
				);
				INFOPLIST_FILE = SampleImageTests/Info.plist;
				LD_RUNPATH_SEARCH_PATHS = "$(inherited) @executable_path/Frameworks @loader_path/Frameworks";
				PRODUCT_NAME = "$(TARGET_NAME)";
				TEST_HOST = "$(BUILT_PRODUCTS_DIR)/SampleImage.app/SampleImage";
			};
			name = Release;
		};
/* End XCBuildConfiguration section */

/* Begin XCConfigurationList section */
		760556BE1AF4936C00D909A9 /* Build configuration list for PBXProject "SampleImage" */ = {
			isa = XCConfigurationList;
			buildConfigurations = (
				760556E71AF4936C00D909A9 /* Debug */,
				760556E81AF4936C00D909A9 /* Release */,
			);
			defaultConfigurationIsVisible = 0;
			defaultConfigurationName = Release;
		};
		760556E91AF4936C00D909A9 /* Build configuration list for PBXNativeTarget "SampleImage" */ = {
			isa = XCConfigurationList;
			buildConfigurations = (
				760556EA1AF4936C00D909A9 /* Debug */,
				760556EB1AF4936C00D909A9 /* Release */,
			);
			defaultConfigurationIsVisible = 0;
		};
		760556EC1AF4936C00D909A9 /* Build configuration list for PBXNativeTarget "SampleImageTests" */ = {
			isa = XCConfigurationList;
			buildConfigurations = (
				760556ED1AF4936C00D909A9 /* Debug */,
				760556EE1AF4936C00D909A9 /* Release */,
			);
			defaultConfigurationIsVisible = 0;
		};
/* End XCConfigurationList section */

/* Begin XCVersionGroup section */
		760556CD1AF4936C00D909A9 /* SampleImage.xcdatamodeld */ = {
			isa = XCVersionGroup;
			children = (
				760556CE1AF4936C00D909A9 /* SampleImage.xcdatamodel */,
			);
			currentVersion = 760556CE1AF4936C00D909A9 /* SampleImage.xcdatamodel */;
			path = SampleImage.xcdatamodeld;
			sourceTree = "<group>";
			versionGroupType = wrapper.xcdatamodel;
		};
/* End XCVersionGroup section */
	};
	rootObject = 760556BB1AF4936C00D909A9 /* Project object */;
}
